lockfileVersion: '9.0'

settings:
  autoInstallPeers: true
  excludeLinksFromLockfile: false

importers:

  .:
    dependencies:
      oxc-parser:
        specifier: ^0.81.0
        version: 0.81.0
      oxc-resolver:
        specifier: ^11.6.1
        version: 11.6.1
    devDependencies:
      '@types/node':
        specifier: ^24.2.1
        version: 24.2.1
      oxlint:
        specifier: ^1.11.1
        version: 1.11.1
      typescript:
        specifier: ^5.9.2
        version: 5.9.2

packages:

  '@emnapi/core@1.4.5':
    resolution: {integrity: sha512-XsLw1dEOpkSX/WucdqUhPWP7hDxSvZiY+fsUC14h+FtQ2Ifni4znbBt8punRX+Uj2JG/uDb8nEHVKvrVlvdZ5Q==}

  '@emnapi/runtime@1.4.5':
    resolution: {integrity: sha512-++LApOtY0pEEz1zrd9vy1/zXVaVJJ/EbAF3u0fXIzPJEDtnITsBGbbK0EkM72amhl/R5b+5xx0Y/QhcVOpuulg==}

  '@emnapi/wasi-threads@1.0.4':
    resolution: {integrity: sha512-PJR+bOmMOPH8AtcTGAyYNiuJ3/Fcoj2XN/gBEWzDIKh254XO+mM9XoXHk5GNEhodxeMznbg7BlRojVbKN+gC6g==}

  '@napi-rs/wasm-runtime@1.0.3':
    resolution: {integrity: sha512-rZxtMsLwjdXkMUGC3WwsPwLNVqVqnTJT6MNIB6e+5fhMcSCPP0AOsNWuMQ5mdCq6HNjs/ZeWAEchpqeprqBD2Q==}

  '@oxc-parser/binding-android-arm64@0.81.0':
    resolution: {integrity: sha512-nGcfHGLkpy2R4Dm1TcpDDifVIZ0q50pvFkHgcbqLpdtbyM9NDlQp1SIgRdGtKPUXAVJz3LDV8hLYvCss8Bb5wg==}
    engines: {node: '>=20.0.0'}
    cpu: [arm64]
    os: [android]

  '@oxc-parser/binding-darwin-arm64@0.81.0':
    resolution: {integrity: sha512-Xl0sB6UcAbU36d1nUs/JfPnihq0JD62xP7sFa/pML+ksxcwAEMMGzifOxNyQkInDzFp+Ql63GD7iJGbavPc5/w==}
    engines: {node: '>=20.0.0'}
    cpu: [arm64]
    os: [darwin]

  '@oxc-parser/binding-darwin-x64@0.81.0':
    resolution: {integrity: sha512-OyHZuZjHBnZ6SOXe8fDD3i0Vf+Q0oVuaaWu2+ZtxRYDcIDTG67uMN6tg+JkCkYU7elMEJp+Tgw38uEPQWnt3eg==}
    engines: {node: '>=20.0.0'}
    cpu: [x64]
    os: [darwin]

  '@oxc-parser/binding-freebsd-x64@0.81.0':
    resolution: {integrity: sha512-FLkXVaHT3PQSHEZkSB99s3Bz/E03tXu2jvspmwu34tlmLaEk3dqoAvYS/uZcBtetGXa3Y48sW/rtBwW6jE811w==}
    engines: {node: '>=20.0.0'}
    cpu: [x64]
    os: [freebsd]

  '@oxc-parser/binding-linux-arm-gnueabihf@0.81.0':
    resolution: {integrity: sha512-c4IXIYDmzMeuYaTtyWl9fj7L90BAN7KZ3eKKDWnmB+ekZd1QduKT8MJiLfv7/pSecxQFwzMTpZ0el++ccRprTQ==}
    engines: {node: '>=20.0.0'}
    cpu: [arm]
    os: [linux]

  '@oxc-parser/binding-linux-arm-musleabihf@0.81.0':
    resolution: {integrity: sha512-Jahl5EPtdF3z8Lv8/ErCgy5tF+324nPAaFxFC+xFjOE2NdS9e8IMeWR/WbkO5pOSueEGq76GrjOX9uj9SsKqCw==}
    engines: {node: '>=20.0.0'}
    cpu: [arm]
    os: [linux]

  '@oxc-parser/binding-linux-arm64-gnu@0.81.0':
    resolution: {integrity: sha512-ufLjqUhcMMyIOzvI7BeRGWyhS5bBsuu2Mkks2wBVlpcs9dFbtlnvKv8SToiM/TTP/DFRu9SrKMVUyD0cuKVlcw==}
    engines: {node: '>=20.0.0'}
    cpu: [arm64]
    os: [linux]

  '@oxc-parser/binding-linux-arm64-musl@0.81.0':
    resolution: {integrity: sha512-U4pce3jsMe1s8/BLrCJPqNFdm8IJRhk9Mwf0qw4D6KLa14LT/j32b7kASnFxpy+U0X8ywHGsir8nwPEcWsvrzA==}
    engines: {node: '>=20.0.0'}
    cpu: [arm64]
    os: [linux]

  '@oxc-parser/binding-linux-riscv64-gnu@0.81.0':
    resolution: {integrity: sha512-AjjSbkoy0oHQaGMsLg7O+gY/Vbx12K7IWbxheDO1BNL0eIwiL3xRrhKdTtaHU1KcHm2/asTtwYdndAzXQX5Jyw==}
    engines: {node: '>=20.0.0'}
    cpu: [riscv64]
    os: [linux]

  '@oxc-parser/binding-linux-s390x-gnu@0.81.0':
    resolution: {integrity: sha512-Dx4tOdUekDMa3k18MjogWLy+b9z3RmLBf4OUSwJs5iGkr/nc7kph/N8IPI4thVw4KbhEPZOq6SKUp7Q6FhPRzA==}
    engines: {node: '>=20.0.0'}
    cpu: [s390x]
    os: [linux]

  '@oxc-parser/binding-linux-x64-gnu@0.81.0':
    resolution: {integrity: sha512-B4RwYZqmgZJg2AV3YWR8/zyjg2t/2GwEIdd5WS4NkDxX9NzHNv1tz1uwGurPyFskO9/S0PoXDFGeESCI5GrkuA==}
    engines: {node: '>=20.0.0'}
    cpu: [x64]
    os: [linux]

  '@oxc-parser/binding-linux-x64-musl@0.81.0':
    resolution: {integrity: sha512-VvZlPOG03uKRYPgynVcIvR42ygNRo4kiLKaoKWdpQESSfc1uRD6fNQI5V/O9dAfEmZuTM9dhpgszr9McCeRK6A==}
    engines: {node: '>=20.0.0'}
    cpu: [x64]
    os: [linux]

  '@oxc-parser/binding-wasm32-wasi@0.81.0':
    resolution: {integrity: sha512-uGGqDuiO9JKWq5CiNDToZJPTQx6zqp0Wlj5zsKlKuN7AslvhdyzITCAyY+mtRcNEPl+k7j5uR7aIWFFhGuqycA==}
    engines: {node: '>=14.0.0'}
    cpu: [wasm32]

  '@oxc-parser/binding-win32-arm64-msvc@0.81.0':
    resolution: {integrity: sha512-rWL3ieNa8nNk4XHRQ58Hrt249UanJhmzsuBOei3l5xmMleTAnTsvUxKMK4eiFw4Cdku7C5C5VJFgq7+9yPwn8Q==}
    engines: {node: '>=20.0.0'}
    cpu: [arm64]
    os: [win32]

  '@oxc-parser/binding-win32-x64-msvc@0.81.0':
    resolution: {integrity: sha512-XZCXKi5SW4ekpIY6O4yDZJHiLeVCJgvr6aT+vyQbNMlSEXKOieFTUZPsp9QiohvkXZE60ZEUqX3TP+8z9A7RRQ==}
    engines: {node: '>=20.0.0'}
    cpu: [x64]
    os: [win32]

  '@oxc-project/types@0.81.0':
    resolution: {integrity: sha512-CnOqkybZK8z6Gx7Wb1qF7AEnSzbol1WwcIzxYOr8e91LytGOjo0wCpgoYWZo8sdbpqX+X+TJayIzo4Pv0R/KjA==}

  '@oxc-resolver/binding-android-arm-eabi@11.6.1':
    resolution: {integrity: sha512-Ma/kg29QJX1Jzelv0Q/j2iFuUad1WnjgPjpThvjqPjpOyLjCUaiFCCnshhmWjyS51Ki1Iol3fjf1qAzObf8GIA==}
    cpu: [arm]
    os: [android]

  '@oxc-resolver/binding-android-arm64@11.6.1':
    resolution: {integrity: sha512-xjL/FKKc5p8JkFWiH7pJWSzsewif3fRf1rw2qiRxRvq1uIa6l7Zoa14Zq2TNWEsqDjdeOrlJtfWiPNRnevK0oQ==}
    cpu: [arm64]
    os: [android]

  '@oxc-resolver/binding-darwin-arm64@11.6.1':
    resolution: {integrity: sha512-u0yrJ3NHE0zyCjiYpIyz4Vmov21MA0yFKbhHgixDU/G6R6nvC8ZpuSFql3+7C8ttAK9p8WpqOGweepfcilH5Bw==}
    cpu: [arm64]
    os: [darwin]

  '@oxc-resolver/binding-darwin-x64@11.6.1':
    resolution: {integrity: sha512-2lox165h1EhzxcC8edUy0znXC/hnAbUPaMpYKVlzLpB2AoYmgU4/pmofFApj+axm2FXpNamjcppld8EoHo06rw==}
    cpu: [x64]
    os: [darwin]

  '@oxc-resolver/binding-freebsd-x64@11.6.1':
    resolution: {integrity: sha512-F45MhEQ7QbHfsvZtVNuA/9obu3il7QhpXYmCMfxn7Zt9nfAOw4pQ8hlS5DroHVp3rW35u9F7x0sixk/QEAi3qQ==}
    cpu: [x64]
    os: [freebsd]

  '@oxc-resolver/binding-linux-arm-gnueabihf@11.6.1':
    resolution: {integrity: sha512-r+3+MTTl0tD4NoWbfTIItAxJvuyIU7V0fwPDXrv7Uj64vZ3OYaiyV+lVaeU89Bk/FUUQxeUpWBwdKNKHjyRNQw==}
    cpu: [arm]
    os: [linux]

  '@oxc-resolver/binding-linux-arm-musleabihf@11.6.1':
    resolution: {integrity: sha512-TBTZ63otsWZ72Z8ZNK2JVS0HW1w9zgOixJTFDNrYPUUW1pXGa28KAjQ1yGawj242WLAdu3lwdNIWtkxeO2BLxQ==}
    cpu: [arm]
    os: [linux]

  '@oxc-resolver/binding-linux-arm64-gnu@11.6.1':
    resolution: {integrity: sha512-SjwhNynjSG2yMdyA0f7wz7Yvo3ppejO+ET7n2oiI7ApCXrwxMzeRWjBzQt+oVWr2HzVOfaEcDS9rMtnR83ulig==}
    cpu: [arm64]
    os: [linux]

  '@oxc-resolver/binding-linux-arm64-musl@11.6.1':
    resolution: {integrity: sha512-f4EMidK6rosInBzPMnJ0Ri4RttFCvvLNUNDFUBtELW/MFkBwPTDlvbsmW0u0Mk/ruBQ2WmRfOZ6tT62kWMcX2Q==}
    cpu: [arm64]
    os: [linux]

  '@oxc-resolver/binding-linux-ppc64-gnu@11.6.1':
    resolution: {integrity: sha512-1umENVKeUsrWnf5IlF/6SM7DCv8G6CoKI2LnYR6qhZuLYDPS4PBZ0Jow3UDV9Rtbv5KRPcA3/uXjI88ntWIcOQ==}
    cpu: [ppc64]
    os: [linux]

  '@oxc-resolver/binding-linux-riscv64-gnu@11.6.1':
    resolution: {integrity: sha512-Hjyp1FRdJhsEpIxsZq5VcDuFc8abC0Bgy8DWEa31trCKoTz7JqA7x3E2dkFbrAKsEFmZZ0NvuG5Ip3oIRARhow==}
    cpu: [riscv64]
    os: [linux]

  '@oxc-resolver/binding-linux-riscv64-musl@11.6.1':
    resolution: {integrity: sha512-ODJOJng6f3QxpAXhLel3kyWs8rPsJeo9XIZHzA7p//e+5kLMDU7bTVk4eZnUHuxsqsB8MEvPCicJkKCEuur5Ag==}
    cpu: [riscv64]
    os: [linux]

  '@oxc-resolver/binding-linux-s390x-gnu@11.6.1':
    resolution: {integrity: sha512-hCzRiLhqe1ZOpHTsTGKp7gnMJRORlbCthawBueer2u22RVAka74pV/+4pP1tqM07mSlQn7VATuWaDw9gCl+cVg==}
    cpu: [s390x]
    os: [linux]

  '@oxc-resolver/binding-linux-x64-gnu@11.6.1':
    resolution: {integrity: sha512-JansPD8ftOzMYIC3NfXJ68tt63LEcIAx44Blx6BAd7eY880KX7A0KN3hluCrelCz5aQkPaD95g8HBiJmKaEi2w==}
    cpu: [x64]
    os: [linux]

  '@oxc-resolver/binding-linux-x64-musl@11.6.1':
    resolution: {integrity: sha512-R78ES1rd4z2x5NrFPtSWb/ViR1B8wdl+QN2X8DdtoYcqZE/4tvWtn9ZTCXMEzUp23tchJ2wUB+p6hXoonkyLpA==}
    cpu: [x64]
    os: [linux]

  '@oxc-resolver/binding-wasm32-wasi@11.6.1':
    resolution: {integrity: sha512-qAR3tYIf3afkij/XYunZtlz3OH2Y4ni10etmCFIJB5VRGsqJyI6Hl+2dXHHGJNwbwjXjSEH/KWJBpVroF3TxBw==}
    engines: {node: '>=14.0.0'}
    cpu: [wasm32]

  '@oxc-resolver/binding-win32-arm64-msvc@11.6.1':
    resolution: {integrity: sha512-QqygWygIuemGkaBA48POOTeinbVvlamqh6ucm8arGDGz/mB5O00gXWxed12/uVrYEjeqbMkla/CuL3fjL3EKvw==}
    cpu: [arm64]
    os: [win32]

  '@oxc-resolver/binding-win32-ia32-msvc@11.6.1':
    resolution: {integrity: sha512-N2+kkWwt/bk0JTCxhPuK8t8JMp3nd0n2OhwOkU8KO4a7roAJEa4K1SZVjMv5CqUIr5sx2CxtXRBoFDiORX5oBg==}
    cpu: [ia32]
    os: [win32]

  '@oxc-resolver/binding-win32-x64-msvc@11.6.1':
    resolution: {integrity: sha512-DfMg3cU9bJUbN62Prbp4fGCtLgexuwyEaQGtZAp8xmi1Ii26uflOGx0FJkFTF6lVMSFoIRFvIL8gsw5/ZdHrMw==}
    cpu: [x64]
    os: [win32]

  '@oxlint-tsgolint/darwin-arm64@0.0.1':
    resolution: {integrity: sha512-DhPovgw2MVvQhU4uyrrgBUqRkmh6V66zItbpWu352B0f9LW0tFm2cXcTDR1QkDo1m9B6YV7qR9IPI2/q7gLDeA==}
    os: [darwin]

  '@oxlint-tsgolint/darwin-x64@0.0.1':
    resolution: {integrity: sha512-/T+STn40ebdHM7Cz6bVITynBHNWnRGKyz8CcbUDdiehhD0CTlwwNeKCKA4beQ1t/Dvc3JG6pV8dwv/2cmd+DYg==}
    os: [darwin]

  '@oxlint-tsgolint/linux-arm64@0.0.1':
    resolution: {integrity: sha512-xp8KdgxyqLB31ISPep0LDJgyE3ucxcLc8LdlqjO+Z9k2RR0MkFs1bgpXROn5KX1eZGO5OYRdbgVX+s43TI7Dhw==}
    os: [linux]

  '@oxlint-tsgolint/linux-x64@0.0.1':
    resolution: {integrity: sha512-6OG1DFbg1xP5UmuWynUnVkay5WbH44aiwDhIAIR8+V50Ijzzyx87CGxKbn1k0YsfaQIji5SgZi0WMiJQ5LTR2A==}
    os: [linux]

  '@oxlint-tsgolint/win32-arm64@0.0.1':
    resolution: {integrity: sha512-szngA1G3b9DyO6NZ7qUBl8EXBt+9F6cLQ4/kdiIUwk+5LELCjFbpg2s7eGPYZaCJjf30Vo9GlTqe5HFjddvrXg==}
    os: [win32]

  '@oxlint-tsgolint/win32-x64@0.0.1':
    resolution: {integrity: sha512-anzDRE1w3Vl/aSBLiOwnwzz17GJaXJr+X3OTWwwV9cHg+TWEhLpUDo+d2pAoulCHoZTjN/k8A9wHg0IGuqnOfA==}
    os: [win32]

  '@oxlint/darwin-arm64@1.11.1':
    resolution: {integrity: sha512-/9ohoWJoPHLXDBRQqPn3jIwB2QXt+Pv6dR1r6fmrcm5RiTyqf40zK10gMDl8rbw8ONmzgrevdxweV0iRuC9pcQ==}
    cpu: [arm64]
    os: [darwin]

  '@oxlint/darwin-x64@1.11.1':
    resolution: {integrity: sha512-snwKjdJO+mGwp2xYBxdwJorad4ZVeZDq2FV3ZcgvqCmf6pg+eJdm/jtlfXb44KfEDlBCvMa0zV48bjY+tg31rA==}
    cpu: [x64]
    os: [darwin]

  '@oxlint/linux-arm64-gnu@1.11.1':
    resolution: {integrity: sha512-WI3LcUlowzlu2wQb0XRIq1Zv1AMkQDrU7+zHVtiokFbjyioUcSOomwN+ntlZozPwFRbuLUXL+wq5qePnLhE90Q==}
    cpu: [arm64]
    os: [linux]

  '@oxlint/linux-arm64-musl@1.11.1':
    resolution: {integrity: sha512-Fc4gW7nf8dGOvsvTqIJDCvWiDCxQtnX3KDM69G+0d23ljiXdi2/EEcWNcvobBwi0CqlpO+TdQiRYDLHEJxSRfA==}
    cpu: [arm64]
    os: [linux]

  '@oxlint/linux-x64-gnu@1.11.1':
    resolution: {integrity: sha512-3UNP5PAE/IHWMSfrwybMbjppQXMveFzLMMZjGk8tEAm9aj4yeX6Z3O+ns6fQHStbb6PyrDMncAyNl/qxUfmp7A==}
    cpu: [x64]
    os: [linux]

  '@oxlint/linux-x64-musl@1.11.1':
    resolution: {integrity: sha512-CmRm8rFT6MwKvcpcw1IM+QHtyh3iOKRewJn3VOHYlRzw+VKQuvUbUnWHgROtr6V8UOiRkrSy3Mvo/d5Fc+r/lw==}
    cpu: [x64]
    os: [linux]

  '@oxlint/win32-arm64@1.11.1':
    resolution: {integrity: sha512-htSR1NHMnRV5qXDoZJcFxKObgLyBvA4g9eIhzDTsTyw7e2ZDR/SVOli2IZB31ghCwEYcSV7yoZgfOgjNbgvDJA==}
    cpu: [arm64]
    os: [win32]

  '@oxlint/win32-x64@1.11.1':
    resolution: {integrity: sha512-yjWjx0kf6+osvXdqdkLmSwPxvN9bJ+0sr+KLEgxCAZxfqy9nNTuflIwk6x5sm6lS4+qzCY7RrMYcksQ6Ky+0CA==}
    cpu: [x64]
    os: [win32]

  '@tybys/wasm-util@0.10.0':
    resolution: {integrity: sha512-VyyPYFlOMNylG45GoAe0xDoLwWuowvf92F9kySqzYh8vmYm7D2u4iUJKa1tOUpS70Ku13ASrOkS4ScXFsTaCNQ==}

  '@types/node@24.2.1':
    resolution: {integrity: sha512-DRh5K+ka5eJic8CjH7td8QpYEV6Zo10gfRkjHCO3weqZHWDtAaSTFtl4+VMqOJ4N5jcuhZ9/l+yy8rVgw7BQeQ==}

  napi-postinstall@0.3.3:
    resolution: {integrity: sha512-uTp172LLXSxuSYHv/kou+f6KW3SMppU9ivthaVTXian9sOt3XM/zHYHpRZiLgQoxeWfYUnslNWQHF1+G71xcow==}
    engines: {node: ^12.20.0 || ^14.18.0 || >=16.0.0}
    hasBin: true

  oxc-parser@0.81.0:
    resolution: {integrity: sha512-iceu9s70mZyjKs6V2QX7TURkJj1crnKi9csGByWvOWwrR5rwq0U0f49yIlRAzMP4t7K2gRC1MnyMZggMhiwAVg==}
    engines: {node: '>=20.0.0'}

  oxc-resolver@11.6.1:
    resolution: {integrity: sha512-WQgmxevT4cM5MZ9ioQnEwJiHpPzbvntV5nInGAKo9NQZzegcOonHvcVcnkYqld7bTG35UFHEKeF7VwwsmA3cZg==}

  oxlint-tsgolint@0.0.1:
    resolution: {integrity: sha512-gH6EpIr2oBVperOONVzTTNYmOu6pYPipVyzWB+CfYO13vH+6O9kINUyG4rr3RXDaKdTx8UvxgRORXdSGH1iydA==}
    hasBin: true

  oxlint@1.11.1:
    resolution: {integrity: sha512-24c8BHX2deW0H7GAjkHP28+W4P3qO+2l0R/wz8jj+D4Sq/eC+K2Zyu6uN3bVXeHfG3z4U8shWD5hE+yPMisPDA==}
    engines: {node: '>=8.*'}
    hasBin: true

  tslib@2.8.1:
    resolution: {integrity: sha512-oJFu94HQb+KVduSUQL7wnpmqnfmLsOA/nAh6b6EH0wCEoK0/mPeXU6c3wKDV83MkOuHPRHtSXKKU99IBazS/2w==}

  typescript@5.9.2:
    resolution: {integrity: sha512-CWBzXQrc/qOkhidw1OzBTQuYRbfyxDXJMVJ1XNwUHGROVmuaeiEm3OslpZ1RV96d7SKKjZKrSJu3+t/xlw3R9A==}
    engines: {node: '>=14.17'}
    hasBin: true

  undici-types@7.10.0:
    resolution: {integrity: sha512-t5Fy/nfn+14LuOc2KNYg75vZqClpAiqscVvMygNnlsHBFpSXdJaYtXMcdNLpl/Qvc3P2cB3s6lOV51nqsFq4ag==}

snapshots:

  '@emnapi/core@1.4.5':
    dependencies:
      '@emnapi/wasi-threads': 1.0.4
      tslib: 2.8.1
    optional: true

  '@emnapi/runtime@1.4.5':
    dependencies:
      tslib: 2.8.1
    optional: true

  '@emnapi/wasi-threads@1.0.4':
    dependencies:
      tslib: 2.8.1
    optional: true

  '@napi-rs/wasm-runtime@1.0.3':
    dependencies:
      '@emnapi/core': 1.4.5
      '@emnapi/runtime': 1.4.5
      '@tybys/wasm-util': 0.10.0
    optional: true

  '@oxc-parser/binding-android-arm64@0.81.0':
    optional: true

  '@oxc-parser/binding-darwin-arm64@0.81.0':
    optional: true

  '@oxc-parser/binding-darwin-x64@0.81.0':
    optional: true

  '@oxc-parser/binding-freebsd-x64@0.81.0':
    optional: true

  '@oxc-parser/binding-linux-arm-gnueabihf@0.81.0':
    optional: true

  '@oxc-parser/binding-linux-arm-musleabihf@0.81.0':
    optional: true

  '@oxc-parser/binding-linux-arm64-gnu@0.81.0':
    optional: true

  '@oxc-parser/binding-linux-arm64-musl@0.81.0':
    optional: true

  '@oxc-parser/binding-linux-riscv64-gnu@0.81.0':
    optional: true

  '@oxc-parser/binding-linux-s390x-gnu@0.81.0':
    optional: true

  '@oxc-parser/binding-linux-x64-gnu@0.81.0':
    optional: true

  '@oxc-parser/binding-linux-x64-musl@0.81.0':
    optional: true

  '@oxc-parser/binding-wasm32-wasi@0.81.0':
    dependencies:
      '@napi-rs/wasm-runtime': 1.0.3
    optional: true

  '@oxc-parser/binding-win32-arm64-msvc@0.81.0':
    optional: true

  '@oxc-parser/binding-win32-x64-msvc@0.81.0':
    optional: true

  '@oxc-project/types@0.81.0': {}

  '@oxc-resolver/binding-android-arm-eabi@11.6.1':
    optional: true

  '@oxc-resolver/binding-android-arm64@11.6.1':
    optional: true

  '@oxc-resolver/binding-darwin-arm64@11.6.1':
    optional: true

  '@oxc-resolver/binding-darwin-x64@11.6.1':
    optional: true

  '@oxc-resolver/binding-freebsd-x64@11.6.1':
    optional: true

  '@oxc-resolver/binding-linux-arm-gnueabihf@11.6.1':
    optional: true

  '@oxc-resolver/binding-linux-arm-musleabihf@11.6.1':
    optional: true

  '@oxc-resolver/binding-linux-arm64-gnu@11.6.1':
    optional: true

  '@oxc-resolver/binding-linux-arm64-musl@11.6.1':
    optional: true

  '@oxc-resolver/binding-linux-ppc64-gnu@11.6.1':
    optional: true

  '@oxc-resolver/binding-linux-riscv64-gnu@11.6.1':
    optional: true

  '@oxc-resolver/binding-linux-riscv64-musl@11.6.1':
    optional: true

  '@oxc-resolver/binding-linux-s390x-gnu@11.6.1':
    optional: true

  '@oxc-resolver/binding-linux-x64-gnu@11.6.1':
    optional: true

  '@oxc-resolver/binding-linux-x64-musl@11.6.1':
    optional: true

  '@oxc-resolver/binding-wasm32-wasi@11.6.1':
    dependencies:
      '@napi-rs/wasm-runtime': 1.0.3
    optional: true

  '@oxc-resolver/binding-win32-arm64-msvc@11.6.1':
    optional: true

  '@oxc-resolver/binding-win32-ia32-msvc@11.6.1':
    optional: true

  '@oxc-resolver/binding-win32-x64-msvc@11.6.1':
    optional: true

  '@oxlint-tsgolint/darwin-arm64@0.0.1':
    optional: true

  '@oxlint-tsgolint/darwin-x64@0.0.1':
    optional: true

  '@oxlint-tsgolint/linux-arm64@0.0.1':
    optional: true

  '@oxlint-tsgolint/linux-x64@0.0.1':
    optional: true

  '@oxlint-tsgolint/win32-arm64@0.0.1':
    optional: true

  '@oxlint-tsgolint/win32-x64@0.0.1':
    optional: true

  '@oxlint/darwin-arm64@1.11.1':
    optional: true

  '@oxlint/darwin-x64@1.11.1':
    optional: true

  '@oxlint/linux-arm64-gnu@1.11.1':
    optional: true

  '@oxlint/linux-arm64-musl@1.11.1':
    optional: true

  '@oxlint/linux-x64-gnu@1.11.1':
    optional: true

  '@oxlint/linux-x64-musl@1.11.1':
    optional: true

  '@oxlint/win32-arm64@1.11.1':
    optional: true

  '@oxlint/win32-x64@1.11.1':
    optional: true

  '@tybys/wasm-util@0.10.0':
    dependencies:
      tslib: 2.8.1
    optional: true

  '@types/node@24.2.1':
    dependencies:
      undici-types: 7.10.0

  napi-postinstall@0.3.3: {}

  oxc-parser@0.81.0:
    dependencies:
      '@oxc-project/types': 0.81.0
    optionalDependencies:
      '@oxc-parser/binding-android-arm64': 0.81.0
      '@oxc-parser/binding-darwin-arm64': 0.81.0
      '@oxc-parser/binding-darwin-x64': 0.81.0
      '@oxc-parser/binding-freebsd-x64': 0.81.0
      '@oxc-parser/binding-linux-arm-gnueabihf': 0.81.0
      '@oxc-parser/binding-linux-arm-musleabihf': 0.81.0
      '@oxc-parser/binding-linux-arm64-gnu': 0.81.0
      '@oxc-parser/binding-linux-arm64-musl': 0.81.0
      '@oxc-parser/binding-linux-riscv64-gnu': 0.81.0
      '@oxc-parser/binding-linux-s390x-gnu': 0.81.0
      '@oxc-parser/binding-linux-x64-gnu': 0.81.0
      '@oxc-parser/binding-linux-x64-musl': 0.81.0
      '@oxc-parser/binding-wasm32-wasi': 0.81.0
      '@oxc-parser/binding-win32-arm64-msvc': 0.81.0
      '@oxc-parser/binding-win32-x64-msvc': 0.81.0

  oxc-resolver@11.6.1:
    dependencies:
      napi-postinstall: 0.3.3
    optionalDependencies:
      '@oxc-resolver/binding-android-arm-eabi': 11.6.1
      '@oxc-resolver/binding-android-arm64': 11.6.1
      '@oxc-resolver/binding-darwin-arm64': 11.6.1
      '@oxc-resolver/binding-darwin-x64': 11.6.1
      '@oxc-resolver/binding-freebsd-x64': 11.6.1
      '@oxc-resolver/binding-linux-arm-gnueabihf': 11.6.1
      '@oxc-resolver/binding-linux-arm-musleabihf': 11.6.1
      '@oxc-resolver/binding-linux-arm64-gnu': 11.6.1
      '@oxc-resolver/binding-linux-arm64-musl': 11.6.1
      '@oxc-resolver/binding-linux-ppc64-gnu': 11.6.1
      '@oxc-resolver/binding-linux-riscv64-gnu': 11.6.1
      '@oxc-resolver/binding-linux-riscv64-musl': 11.6.1
      '@oxc-resolver/binding-linux-s390x-gnu': 11.6.1
      '@oxc-resolver/binding-linux-x64-gnu': 11.6.1
      '@oxc-resolver/binding-linux-x64-musl': 11.6.1
      '@oxc-resolver/binding-wasm32-wasi': 11.6.1
      '@oxc-resolver/binding-win32-arm64-msvc': 11.6.1
      '@oxc-resolver/binding-win32-ia32-msvc': 11.6.1
      '@oxc-resolver/binding-win32-x64-msvc': 11.6.1

  oxlint-tsgolint@0.0.1:
    optionalDependencies:
      '@oxlint-tsgolint/darwin-arm64': 0.0.1
      '@oxlint-tsgolint/darwin-x64': 0.0.1
      '@oxlint-tsgolint/linux-arm64': 0.0.1
      '@oxlint-tsgolint/linux-x64': 0.0.1
      '@oxlint-tsgolint/win32-arm64': 0.0.1
      '@oxlint-tsgolint/win32-x64': 0.0.1
    optional: true

  oxlint@1.11.1:
    optionalDependencies:
      '@oxlint/darwin-arm64': 1.11.1
      '@oxlint/darwin-x64': 1.11.1
      '@oxlint/linux-arm64-gnu': 1.11.1
      '@oxlint/linux-arm64-musl': 1.11.1
      '@oxlint/linux-x64-gnu': 1.11.1
      '@oxlint/linux-x64-musl': 1.11.1
      '@oxlint/win32-arm64': 1.11.1
      '@oxlint/win32-x64': 1.11.1
      oxlint-tsgolint: 0.0.1

  tslib@2.8.1:
    optional: true

  typescript@5.9.2: {}

  undici-types@7.10.0: {}
